
Microsoft Visual Studio Solution File, Format Version 12.00
# Visual Studio 15
Project("{FAE04EC0-301F-11D3-BF4B-00C04F79EFBC}") = "Billables", "Billables.csproj", "{8D303A28-5D8B-4808-807C-E8D5BC755FA8}"
EndProject
Project("{FAE04EC0-301F-11D3-BF4B-00C04F79EFBC}") = "Billables.Droid", "Droid\Billables.Droid.csproj", "{6759A3B2-939E-4D25-A6A3-831BD8AC4B91}"
EndProject
Project("{FAE04EC0-301F-11D3-BF4B-00C04F79EFBC}") = "Billables.iOS", "iOS\Billables.iOS.csproj", "{D992A784-0902-465D-B177-219C6F07BDBF}"
EndProject
Global
	GlobalSection(SolutionConfigurationPlatforms) = preSolution
		Debug|Any CPU = Debug|Any CPU
		Release|Any CPU = Release|Any CPU
		Debug|iPhoneSimulator = Debug|iPhoneSimulator
		Release|iPhone = Release|iPhone
		Release|iPhoneSimulator = Release|iPhoneSimulator
		Debug|iPhone = Debug|iPhone
	EndGlobalSection
	GlobalSection(ProjectConfigurationPlatforms) = postSolution
		{8D303A28-5D8B-4808-807C-E8D5BC755FA8}.Debug|Any CPU.ActiveCfg = Debug|Any CPU
		{8D303A28-5D8B-4808-807C-E8D5BC755FA8}.Debug|Any CPU.Build.0 = Debug|Any CPU
		{8D303A28-5D8B-4808-807C-E8D5BC755FA8}.Release|Any CPU.ActiveCfg = Release|Any CPU
		{8D303A28-5D8B-4808-807C-E8D5BC755FA8}.Release|Any CPU.Build.0 = Release|Any CPU
		{8D303A28-5D8B-4808-807C-E8D5BC755FA8}.Debug|iPhoneSimulator.ActiveCfg = Debug|Any CPU
		{8D303A28-5D8B-4808-807C-E8D5BC755FA8}.Debug|iPhoneSimulator.Build.0 = Debug|Any CPU
		{8D303A28-5D8B-4808-807C-E8D5BC755FA8}.Release|iPhone.ActiveCfg = Release|Any CPU
		{8D303A28-5D8B-4808-807C-E8D5BC755FA8}.Release|iPhone.Build.0 = Release|Any CPU
		{8D303A28-5D8B-4808-807C-E8D5BC755FA8}.Release|iPhoneSimulator.ActiveCfg = Release|Any CPU
		{8D303A28-5D8B-4808-807C-E8D5BC755FA8}.Release|iPhoneSimulator.Build.0 = Release|Any CPU
		{8D303A28-5D8B-4808-807C-E8D5BC755FA8}.Debug|iPhone.ActiveCfg = Debug|Any CPU
		{8D303A28-5D8B-4808-807C-E8D5BC755FA8}.Debug|iPhone.Build.0 = Debug|Any CPU
		{6759A3B2-939E-4D25-A6A3-831BD8AC4B91}.Debug|Any CPU.ActiveCfg = Debug|Any CPU
		{6759A3B2-939E-4D25-A6A3-831BD8AC4B91}.Debug|Any CPU.Build.0 = Debug|Any CPU
		{6759A3B2-939E-4D25-A6A3-831BD8AC4B91}.Release|Any CPU.ActiveCfg = Release|Any CPU
		{6759A3B2-939E-4D25-A6A3-831BD8AC4B91}.Release|Any CPU.Build.0 = Release|Any CPU
		{6759A3B2-939E-4D25-A6A3-831BD8AC4B91}.Debug|iPhoneSimulator.ActiveCfg = Debug|Any CPU
		{6759A3B2-939E-4D25-A6A3-831BD8AC4B91}.Debug|iPhoneSimulator.Build.0 = Debug|Any CPU
		{6759A3B2-939E-4D25-A6A3-831BD8AC4B91}.Release|iPhone.ActiveCfg = Release|Any CPU
		{6759A3B2-939E-4D25-A6A3-831BD8AC4B91}.Release|iPhone.Build.0 = Release|Any CPU
		{6759A3B2-939E-4D25-A6A3-831BD8AC4B91}.Release|iPhoneSimulator.ActiveCfg = Release|Any CPU
		{6759A3B2-939E-4D25-A6A3-831BD8AC4B91}.Release|iPhoneSimulator.Build.0 = Release|Any CPU
		{6759A3B2-939E-4D25-A6A3-831BD8AC4B91}.Debug|iPhone.ActiveCfg = Debug|Any CPU
		{6759A3B2-939E-4D25-A6A3-831BD8AC4B91}.Debug|iPhone.Build.0 = Debug|Any CPU
		{D992A784-0902-465D-B177-219C6F07BDBF}.Debug|Any CPU.ActiveCfg = Debug|iPhoneSimulator
		{D992A784-0902-465D-B177-219C6F07BDBF}.Debug|Any CPU.Build.0 = Debug|iPhoneSimulator
		{D992A784-0902-465D-B177-219C6F07BDBF}.Release|Any CPU.ActiveCfg = Release|iPhone
		{D992A784-0902-465D-B177-219C6F07BDBF}.Release|Any CPU.Build.0 = Release|iPhone
		{D992A784-0902-465D-B177-219C6F07BDBF}.Debug|iPhoneSimulator.ActiveCfg = Debug|iPhoneSimulator
		{D992A784-0902-465D-B177-219C6F07BDBF}.Debug|iPhoneSimulator.Build.0 = Debug|iPhoneSimulator
		{D992A784-0902-465D-B177-219C6F07BDBF}.Release|iPhone.ActiveCfg = Release|iPhone
		{D992A784-0902-465D-B177-219C6F07BDBF}.Release|iPhone.Build.0 = Release|iPhone
		{D992A784-0902-465D-B177-219C6F07BDBF}.Release|iPhoneSimulator.ActiveCfg = Release|iPhoneSimulator
		{D992A784-0902-465D-B177-219C6F07BDBF}.Release|iPhoneSimulator.Build.0 = Release|iPhoneSimulator
		{D992A784-0902-465D-B177-219C6F07BDBF}.Debug|iPhone.ActiveCfg = Debug|iPhone
		{D992A784-0902-465D-B177-219C6F07BDBF}.Debug|iPhone.Build.0 = Debug|iPhone
	EndGlobalSection
EndGlobal
